// !$*UTF8*$!
{
	archiveVersion = 1;
	classes = {
	};
	objectVersion = 56;
	objects = {

/* Begin PBXBuildFile section */
		E3146C0D2C45219B0066D66C /* AddNewHabbitDelegate.swift in Sources */ = {isa = PBXBuildFile; fileRef = E3146C0C2C45219B0066D66C /* AddNewHabbitDelegate.swift */; };
		E3146C102C4521EA0066D66C /* SceduleViewController.swift in Sources */ = {isa = PBXBuildFile; fileRef = E3146C0F2C4521EA0066D66C /* SceduleViewController.swift */; };
		E3146C122C45221A0066D66C /* SceduleDelegate.swift in Sources */ = {isa = PBXBuildFile; fileRef = E3146C112C45221A0066D66C /* SceduleDelegate.swift */; };
		E3146C142C4522780066D66C /* SceduleCellDelegate.swift in Sources */ = {isa = PBXBuildFile; fileRef = E3146C132C4522780066D66C /* SceduleCellDelegate.swift */; };
		E3146C162C4524630066D66C /* SwitchCell.swift in Sources */ = {isa = PBXBuildFile; fileRef = E3146C152C4524630066D66C /* SwitchCell.swift */; };
		E31E21562C2AF5F900EB067A /* AppDelegate.swift in Sources */ = {isa = PBXBuildFile; fileRef = E31E21552C2AF5F900EB067A /* AppDelegate.swift */; };
		E31E21582C2AF5F900EB067A /* SceneDelegate.swift in Sources */ = {isa = PBXBuildFile; fileRef = E31E21572C2AF5F900EB067A /* SceneDelegate.swift */; };
		E31E215A2C2AF5F900EB067A /* TrackersViewController.swift in Sources */ = {isa = PBXBuildFile; fileRef = E31E21592C2AF5F900EB067A /* TrackersViewController.swift */; };
		E31E215D2C2AF5F900EB067A /* Base in Resources */ = {isa = PBXBuildFile; fileRef = E31E215C2C2AF5F900EB067A /* Base */; };
		E31E215F2C2AF5FB00EB067A /* Assets.xcassets in Resources */ = {isa = PBXBuildFile; fileRef = E31E215E2C2AF5FB00EB067A /* Assets.xcassets */; };
		E31E21622C2AF5FB00EB067A /* Base in Resources */ = {isa = PBXBuildFile; fileRef = E31E21612C2AF5FB00EB067A /* Base */; };
		E31E216D2C2AF5FB00EB067A /* TrackerTests.swift in Sources */ = {isa = PBXBuildFile; fileRef = E31E216C2C2AF5FB00EB067A /* TrackerTests.swift */; };
		E31E21772C2AF5FB00EB067A /* TrackerUITests.swift in Sources */ = {isa = PBXBuildFile; fileRef = E31E21762C2AF5FB00EB067A /* TrackerUITests.swift */; };
		E31E21792C2AF5FB00EB067A /* TrackerUITestsLaunchTests.swift in Sources */ = {isa = PBXBuildFile; fileRef = E31E21782C2AF5FB00EB067A /* TrackerUITestsLaunchTests.swift */; };
		E31E21882C2AFDE800EB067A /* StatisticsViewController.swift in Sources */ = {isa = PBXBuildFile; fileRef = E31E21872C2AFDE800EB067A /* StatisticsViewController.swift */; };
		E31E218B2C2AFE7900EB067A /* TabBarController.swift in Sources */ = {isa = PBXBuildFile; fileRef = E31E218A2C2AFE7900EB067A /* TabBarController.swift */; };
		E3A87BC52C402D77008936E6 /* TrackerViewCell.swift in Sources */ = {isa = PBXBuildFile; fileRef = E3A87BC42C402D77008936E6 /* TrackerViewCell.swift */; };
		E3DAF7FE2C420C0600BD2329 /* AddTrackerViewController.swift in Sources */ = {isa = PBXBuildFile; fileRef = E3DAF7FD2C420C0600BD2329 /* AddTrackerViewController.swift */; };
		E3DAF8022C420C6200BD2329 /* AddNewHabbitViewController.swift in Sources */ = {isa = PBXBuildFile; fileRef = E3DAF8012C420C6200BD2329 /* AddNewHabbitViewController.swift */; };
		E3DAF8042C420C9C00BD2329 /* AddNewIrregularEventViewController.swift in Sources */ = {isa = PBXBuildFile; fileRef = E3DAF8032C420C9C00BD2329 /* AddNewIrregularEventViewController.swift */; };
		E3DAF8062C420CF300BD2329 /* AddTrackerDelegate.swift in Sources */ = {isa = PBXBuildFile; fileRef = E3DAF8052C420CF300BD2329 /* AddTrackerDelegate.swift */; };
		E3E606AC2C419FDE0038A9C9 /* TrackersHeaderReusableView.swift in Sources */ = {isa = PBXBuildFile; fileRef = E3E606AB2C419FDE0038A9C9 /* TrackersHeaderReusableView.swift */; };
		E3FB531B2C3C154800E711B6 /* Tracker.swift in Sources */ = {isa = PBXBuildFile; fileRef = E3FB531A2C3C154800E711B6 /* Tracker.swift */; };
		E3FB531D2C3C16F700E711B6 /* TrackerCategory.swift in Sources */ = {isa = PBXBuildFile; fileRef = E3FB531C2C3C16F600E711B6 /* TrackerCategory.swift */; };
		E3FB531F2C3C170600E711B6 /* TrackerRecord.swift in Sources */ = {isa = PBXBuildFile; fileRef = E3FB531E2C3C170600E711B6 /* TrackerRecord.swift */; };
/* End PBXBuildFile section */

/* Begin PBXContainerItemProxy section */
		E31E21692C2AF5FB00EB067A /* PBXContainerItemProxy */ = {
			isa = PBXContainerItemProxy;
			containerPortal = E31E214A2C2AF5F900EB067A /* Project object */;
			proxyType = 1;
			remoteGlobalIDString = E31E21512C2AF5F900EB067A;
			remoteInfo = Tracker;
		};
		E31E21732C2AF5FB00EB067A /* PBXContainerItemProxy */ = {
			isa = PBXContainerItemProxy;
			containerPortal = E31E214A2C2AF5F900EB067A /* Project object */;
			proxyType = 1;
			remoteGlobalIDString = E31E21512C2AF5F900EB067A;
			remoteInfo = Tracker;
		};
/* End PBXContainerItemProxy section */

/* Begin PBXFileReference section */
		E3146C0C2C45219B0066D66C /* AddNewHabbitDelegate.swift */ = {isa = PBXFileReference; lastKnownFileType = sourcecode.swift; path = AddNewHabbitDelegate.swift; sourceTree = "<group>"; };
		E3146C0F2C4521EA0066D66C /* SceduleViewController.swift */ = {isa = PBXFileReference; lastKnownFileType = sourcecode.swift; path = SceduleViewController.swift; sourceTree = "<group>"; };
		E3146C112C45221A0066D66C /* SceduleDelegate.swift */ = {isa = PBXFileReference; lastKnownFileType = sourcecode.swift; path = SceduleDelegate.swift; sourceTree = "<group>"; };
		E3146C132C4522780066D66C /* SceduleCellDelegate.swift */ = {isa = PBXFileReference; lastKnownFileType = sourcecode.swift; path = SceduleCellDelegate.swift; sourceTree = "<group>"; };
		E3146C152C4524630066D66C /* SwitchCell.swift */ = {isa = PBXFileReference; lastKnownFileType = sourcecode.swift; path = SwitchCell.swift; sourceTree = "<group>"; };
		E31E21522C2AF5F900EB067A /* Tracker.app */ = {isa = PBXFileReference; explicitFileType = wrapper.application; includeInIndex = 0; path = Tracker.app; sourceTree = BUILT_PRODUCTS_DIR; };
		E31E21552C2AF5F900EB067A /* AppDelegate.swift */ = {isa = PBXFileReference; lastKnownFileType = sourcecode.swift; path = AppDelegate.swift; sourceTree = "<group>"; };
		E31E21572C2AF5F900EB067A /* SceneDelegate.swift */ = {isa = PBXFileReference; lastKnownFileType = sourcecode.swift; path = SceneDelegate.swift; sourceTree = "<group>"; };
		E31E21592C2AF5F900EB067A /* TrackersViewController.swift */ = {isa = PBXFileReference; lastKnownFileType = sourcecode.swift; path = TrackersViewController.swift; sourceTree = "<group>"; };
		E31E215C2C2AF5F900EB067A /* Base */ = {isa = PBXFileReference; lastKnownFileType = file.storyboard; name = Base; path = Base.lproj/Main.storyboard; sourceTree = "<group>"; };
		E31E215E2C2AF5FB00EB067A /* Assets.xcassets */ = {isa = PBXFileReference; lastKnownFileType = folder.assetcatalog; path = Assets.xcassets; sourceTree = "<group>"; };
		E31E21612C2AF5FB00EB067A /* Base */ = {isa = PBXFileReference; lastKnownFileType = file.storyboard; name = Base; path = Base.lproj/LaunchScreen.storyboard; sourceTree = "<group>"; };
		E31E21632C2AF5FB00EB067A /* Info.plist */ = {isa = PBXFileReference; lastKnownFileType = text.plist.xml; path = Info.plist; sourceTree = "<group>"; };
		E31E21682C2AF5FB00EB067A /* TrackerTests.xctest */ = {isa = PBXFileReference; explicitFileType = wrapper.cfbundle; includeInIndex = 0; path = TrackerTests.xctest; sourceTree = BUILT_PRODUCTS_DIR; };
		E31E216C2C2AF5FB00EB067A /* TrackerTests.swift */ = {isa = PBXFileReference; lastKnownFileType = sourcecode.swift; path = TrackerTests.swift; sourceTree = "<group>"; };
		E31E21722C2AF5FB00EB067A /* TrackerUITests.xctest */ = {isa = PBXFileReference; explicitFileType = wrapper.cfbundle; includeInIndex = 0; path = TrackerUITests.xctest; sourceTree = BUILT_PRODUCTS_DIR; };
		E31E21762C2AF5FB00EB067A /* TrackerUITests.swift */ = {isa = PBXFileReference; lastKnownFileType = sourcecode.swift; path = TrackerUITests.swift; sourceTree = "<group>"; };
		E31E21782C2AF5FB00EB067A /* TrackerUITestsLaunchTests.swift */ = {isa = PBXFileReference; lastKnownFileType = sourcecode.swift; path = TrackerUITestsLaunchTests.swift; sourceTree = "<group>"; };
		E31E21872C2AFDE800EB067A /* StatisticsViewController.swift */ = {isa = PBXFileReference; lastKnownFileType = sourcecode.swift; path = StatisticsViewController.swift; sourceTree = "<group>"; };
		E31E218A2C2AFE7900EB067A /* TabBarController.swift */ = {isa = PBXFileReference; lastKnownFileType = sourcecode.swift; path = TabBarController.swift; sourceTree = "<group>"; };
		E3A87BC42C402D77008936E6 /* TrackerViewCell.swift */ = {isa = PBXFileReference; lastKnownFileType = sourcecode.swift; path = TrackerViewCell.swift; sourceTree = "<group>"; };
		E3DAF7FD2C420C0600BD2329 /* AddTrackerViewController.swift */ = {isa = PBXFileReference; lastKnownFileType = sourcecode.swift; path = AddTrackerViewController.swift; sourceTree = "<group>"; };
		E3DAF8012C420C6200BD2329 /* AddNewHabbitViewController.swift */ = {isa = PBXFileReference; lastKnownFileType = sourcecode.swift; path = AddNewHabbitViewController.swift; sourceTree = "<group>"; };
		E3DAF8032C420C9C00BD2329 /* AddNewIrregularEventViewController.swift */ = {isa = PBXFileReference; lastKnownFileType = sourcecode.swift; path = AddNewIrregularEventViewController.swift; sourceTree = "<group>"; };
		E3DAF8052C420CF300BD2329 /* AddTrackerDelegate.swift */ = {isa = PBXFileReference; lastKnownFileType = sourcecode.swift; path = AddTrackerDelegate.swift; sourceTree = "<group>"; };
		E3E606AB2C419FDE0038A9C9 /* TrackersHeaderReusableView.swift */ = {isa = PBXFileReference; lastKnownFileType = sourcecode.swift; path = TrackersHeaderReusableView.swift; sourceTree = "<group>"; };
		E3FB531A2C3C154800E711B6 /* Tracker.swift */ = {isa = PBXFileReference; lastKnownFileType = sourcecode.swift; path = Tracker.swift; sourceTree = "<group>"; };
		E3FB531C2C3C16F600E711B6 /* TrackerCategory.swift */ = {isa = PBXFileReference; lastKnownFileType = sourcecode.swift; path = TrackerCategory.swift; sourceTree = "<group>"; };
		E3FB531E2C3C170600E711B6 /* TrackerRecord.swift */ = {isa = PBXFileReference; lastKnownFileType = sourcecode.swift; path = TrackerRecord.swift; sourceTree = "<group>"; };
/* End PBXFileReference section */

/* Begin PBXFrameworksBuildPhase section */
		E31E214F2C2AF5F900EB067A /* Frameworks */ = {
			isa = PBXFrameworksBuildPhase;
			buildActionMask = 2147483647;
			files = (
			);
			runOnlyForDeploymentPostprocessing = 0;
		};
		E31E21652C2AF5FB00EB067A /* Frameworks */ = {
			isa = PBXFrameworksBuildPhase;
			buildActionMask = 2147483647;
			files = (
			);
			runOnlyForDeploymentPostprocessing = 0;
		};
		E31E216F2C2AF5FB00EB067A /* Frameworks */ = {
			isa = PBXFrameworksBuildPhase;
			buildActionMask = 2147483647;
			files = (
			);
			runOnlyForDeploymentPostprocessing = 0;
		};
/* End PBXFrameworksBuildPhase section */

/* Begin PBXGroup section */
		E3146C0E2C4521CF0066D66C /* SceduleViewController */ = {
			isa = PBXGroup;
			children = (
				E3146C0F2C4521EA0066D66C /* SceduleViewController.swift */,
				E3146C112C45221A0066D66C /* SceduleDelegate.swift */,
				E3146C132C4522780066D66C /* SceduleCellDelegate.swift */,
				E3146C152C4524630066D66C /* SwitchCell.swift */,
			);
			path = SceduleViewController;
			sourceTree = "<group>";
		};
		E31E21492C2AF5F900EB067A = {
			isa = PBXGroup;
			children = (
				E31E21542C2AF5F900EB067A /* Tracker */,
				E31E216B2C2AF5FB00EB067A /* TrackerTests */,
				E31E21752C2AF5FB00EB067A /* TrackerUITests */,
				E31E21532C2AF5F900EB067A /* Products */,
			);
			sourceTree = "<group>";
		};
		E31E21532C2AF5F900EB067A /* Products */ = {
			isa = PBXGroup;
			children = (
				E31E21522C2AF5F900EB067A /* Tracker.app */,
				E31E21682C2AF5FB00EB067A /* TrackerTests.xctest */,
				E31E21722C2AF5FB00EB067A /* TrackerUITests.xctest */,
			);
			name = Products;
			sourceTree = "<group>";
		};
		E31E21542C2AF5F900EB067A /* Tracker */ = {
			isa = PBXGroup;
			children = (
				E31E21552C2AF5F900EB067A /* AppDelegate.swift */,
				E31E21572C2AF5F900EB067A /* SceneDelegate.swift */,
				E3E606A92C419BB60038A9C9 /* Controllers */,
				E3FB53192C3C151800E711B6 /* Models */,
				E31E215B2C2AF5F900EB067A /* Main.storyboard */,
				E31E215E2C2AF5FB00EB067A /* Assets.xcassets */,
				E31E21602C2AF5FB00EB067A /* LaunchScreen.storyboard */,
				E31E21632C2AF5FB00EB067A /* Info.plist */,
			);
			path = Tracker;
			sourceTree = "<group>";
		};
		E31E216B2C2AF5FB00EB067A /* TrackerTests */ = {
			isa = PBXGroup;
			children = (
				E31E216C2C2AF5FB00EB067A /* TrackerTests.swift */,
			);
			path = TrackerTests;
			sourceTree = "<group>";
		};
		E31E21752C2AF5FB00EB067A /* TrackerUITests */ = {
			isa = PBXGroup;
			children = (
				E31E21762C2AF5FB00EB067A /* TrackerUITests.swift */,
				E31E21782C2AF5FB00EB067A /* TrackerUITestsLaunchTests.swift */,
			);
			path = TrackerUITests;
			sourceTree = "<group>";
		};
		E31E21852C2AFDBA00EB067A /* TrackersViewController */ = {
			isa = PBXGroup;
			children = (
				E31E21592C2AF5F900EB067A /* TrackersViewController.swift */,
				E3A87BC42C402D77008936E6 /* TrackerViewCell.swift */,
				E3E606AB2C419FDE0038A9C9 /* TrackersHeaderReusableView.swift */,
			);
			path = TrackersViewController;
			sourceTree = "<group>";
		};
		E31E21892C2AFE6500EB067A /* TabBarController */ = {
			isa = PBXGroup;
			children = (
				E31E218A2C2AFE7900EB067A /* TabBarController.swift */,
			);
			path = TabBarController;
			sourceTree = "<group>";
		};
		E3DAF7FB2C420BE400BD2329 /* Add */ = {
			isa = PBXGroup;
			children = (
				E3146C0E2C4521CF0066D66C /* SceduleViewController */,
				E3DAF8002C420C2D00BD2329 /* AddNewIrregularEventViewController */,
				E3DAF7FF2C420C1700BD2329 /* AddNewHabbitViewController */,
				E3DAF7FC2C420BED00BD2329 /* AddTrackerViewController */,
			);
			path = Add;
			sourceTree = "<group>";
		};
		E3DAF7FC2C420BED00BD2329 /* AddTrackerViewController */ = {
			isa = PBXGroup;
			children = (
				E3DAF7FD2C420C0600BD2329 /* AddTrackerViewController.swift */,
				E3DAF8052C420CF300BD2329 /* AddTrackerDelegate.swift */,
			);
			path = AddTrackerViewController;
			sourceTree = "<group>";
		};
		E3DAF7FF2C420C1700BD2329 /* AddNewHabbitViewController */ = {
			isa = PBXGroup;
			children = (
				E3DAF8012C420C6200BD2329 /* AddNewHabbitViewController.swift */,
				E3146C0C2C45219B0066D66C /* AddNewHabbitDelegate.swift */,
			);
			path = AddNewHabbitViewController;
			sourceTree = "<group>";
		};
		E3DAF8002C420C2D00BD2329 /* AddNewIrregularEventViewController */ = {
			isa = PBXGroup;
			children = (
				E3DAF8032C420C9C00BD2329 /* AddNewIrregularEventViewController.swift */,
			);
			path = AddNewIrregularEventViewController;
			sourceTree = "<group>";
		};
		E3E606A92C419BB60038A9C9 /* Controllers */ = {
			isa = PBXGroup;
			children = (
				E3DAF7FB2C420BE400BD2329 /* Add */,
				E3E606AD2C41A7800038A9C9 /* StatisticsViewController */,
				E31E21892C2AFE6500EB067A /* TabBarController */,
				E31E21852C2AFDBA00EB067A /* TrackersViewController */,
			);
			path = Controllers;
			sourceTree = "<group>";
		};
		E3E606AD2C41A7800038A9C9 /* StatisticsViewController */ = {
			isa = PBXGroup;
			children = (
				E31E21872C2AFDE800EB067A /* StatisticsViewController.swift */,
			);
			path = StatisticsViewController;
			sourceTree = "<group>";
		};
		E3FB53192C3C151800E711B6 /* Models */ = {
			isa = PBXGroup;
			children = (
				E3FB531A2C3C154800E711B6 /* Tracker.swift */,
				E3FB531C2C3C16F600E711B6 /* TrackerCategory.swift */,
				E3FB531E2C3C170600E711B6 /* TrackerRecord.swift */,
			);
			path = Models;
			sourceTree = "<group>";
		};
/* End PBXGroup section */

/* Begin PBXNativeTarget section */
		E31E21512C2AF5F900EB067A /* Tracker */ = {
			isa = PBXNativeTarget;
			buildConfigurationList = E31E217C2C2AF5FB00EB067A /* Build configuration list for PBXNativeTarget "Tracker" */;
			buildPhases = (
				E31E214E2C2AF5F900EB067A /* Sources */,
				E31E214F2C2AF5F900EB067A /* Frameworks */,
				E31E21502C2AF5F900EB067A /* Resources */,
			);
			buildRules = (
			);
			dependencies = (
			);
			name = Tracker;
			productName = Tracker;
			productReference = E31E21522C2AF5F900EB067A /* Tracker.app */;
			productType = "com.apple.product-type.application";
		};
		E31E21672C2AF5FB00EB067A /* TrackerTests */ = {
			isa = PBXNativeTarget;
			buildConfigurationList = E31E217F2C2AF5FB00EB067A /* Build configuration list for PBXNativeTarget "TrackerTests" */;
			buildPhases = (
				E31E21642C2AF5FB00EB067A /* Sources */,
				E31E21652C2AF5FB00EB067A /* Frameworks */,
				E31E21662C2AF5FB00EB067A /* Resources */,
			);
			buildRules = (
			);
			dependencies = (
				E31E216A2C2AF5FB00EB067A /* PBXTargetDependency */,
			);
			name = TrackerTests;
			productName = TrackerTests;
			productReference = E31E21682C2AF5FB00EB067A /* TrackerTests.xctest */;
			productType = "com.apple.product-type.bundle.unit-test";
		};
		E31E21712C2AF5FB00EB067A /* TrackerUITests */ = {
			isa = PBXNativeTarget;
			buildConfigurationList = E31E21822C2AF5FB00EB067A /* Build configuration list for PBXNativeTarget "TrackerUITests" */;
			buildPhases = (
				E31E216E2C2AF5FB00EB067A /* Sources */,
				E31E216F2C2AF5FB00EB067A /* Frameworks */,
				E31E21702C2AF5FB00EB067A /* Resources */,
			);
			buildRules = (
			);
			dependencies = (
				E31E21742C2AF5FB00EB067A /* PBXTargetDependency */,
			);
			name = TrackerUITests;
			productName = TrackerUITests;
			productReference = E31E21722C2AF5FB00EB067A /* TrackerUITests.xctest */;
			productType = "com.apple.product-type.bundle.ui-testing";
		};
/* End PBXNativeTarget section */

/* Begin PBXProject section */
		E31E214A2C2AF5F900EB067A /* Project object */ = {
			isa = PBXProject;
			attributes = {
				BuildIndependentTargetsInParallel = 1;
				LastSwiftUpdateCheck = 1540;
				LastUpgradeCheck = 1540;
				TargetAttributes = {
					E31E21512C2AF5F900EB067A = {
						CreatedOnToolsVersion = 15.4;
					};
					E31E21672C2AF5FB00EB067A = {
						CreatedOnToolsVersion = 15.4;
						TestTargetID = E31E21512C2AF5F900EB067A;
					};
					E31E21712C2AF5FB00EB067A = {
						CreatedOnToolsVersion = 15.4;
						TestTargetID = E31E21512C2AF5F900EB067A;
					};
				};
			};
			buildConfigurationList = E31E214D2C2AF5F900EB067A /* Build configuration list for PBXProject "Tracker" */;
			compatibilityVersion = "Xcode 14.0";
			developmentRegion = en;
			hasScannedForEncodings = 0;
			knownRegions = (
				en,
				Base,
			);
			mainGroup = E31E21492C2AF5F900EB067A;
			productRefGroup = E31E21532C2AF5F900EB067A /* Products */;
			projectDirPath = "";
			projectRoot = "";
			targets = (
				E31E21512C2AF5F900EB067A /* Tracker */,
				E31E21672C2AF5FB00EB067A /* TrackerTests */,
				E31E21712C2AF5FB00EB067A /* TrackerUITests */,
			);
		};
/* End PBXProject section */

/* Begin PBXResourcesBuildPhase section */
		E31E21502C2AF5F900EB067A /* Resources */ = {
			isa = PBXResourcesBuildPhase;
			buildActionMask = 2147483647;
			files = (
				E31E215F2C2AF5FB00EB067A /* Assets.xcassets in Resources */,
				E31E21622C2AF5FB00EB067A /* Base in Resources */,
				E31E215D2C2AF5F900EB067A /* Base in Resources */,
			);
			runOnlyForDeploymentPostprocessing = 0;
		};
		E31E21662C2AF5FB00EB067A /* Resources */ = {
			isa = PBXResourcesBuildPhase;
			buildActionMask = 2147483647;
			files = (
			);
			runOnlyForDeploymentPostprocessing = 0;
		};
		E31E21702C2AF5FB00EB067A /* Resources */ = {
			isa = PBXResourcesBuildPhase;
			buildActionMask = 2147483647;
			files = (
			);
			runOnlyForDeploymentPostprocessing = 0;
		};
/* End PBXResourcesBuildPhase section */

/* Begin PBXSourcesBuildPhase section */
		E31E214E2C2AF5F900EB067A /* Sources */ = {
			isa = PBXSourcesBuildPhase;
			buildActionMask = 2147483647;
			files = (
				E3E606AC2C419FDE0038A9C9 /* TrackersHeaderReusableView.swift in Sources */,
				E3FB531B2C3C154800E711B6 /* Tracker.swift in Sources */,
				E3DAF8022C420C6200BD2329 /* AddNewHabbitViewController.swift in Sources */,
				E3DAF7FE2C420C0600BD2329 /* AddTrackerViewController.swift in Sources */,
				E3FB531F2C3C170600E711B6 /* TrackerRecord.swift in Sources */,
				E3146C162C4524630066D66C /* SwitchCell.swift in Sources */,
				E31E215A2C2AF5F900EB067A /* TrackersViewController.swift in Sources */,
				E31E21562C2AF5F900EB067A /* AppDelegate.swift in Sources */,
				E3146C0D2C45219B0066D66C /* AddNewHabbitDelegate.swift in Sources */,
				E3DAF8062C420CF300BD2329 /* AddTrackerDelegate.swift in Sources */,
				E31E21582C2AF5F900EB067A /* SceneDelegate.swift in Sources */,
				E3146C102C4521EA0066D66C /* SceduleViewController.swift in Sources */,
				E31E218B2C2AFE7900EB067A /* TabBarController.swift in Sources */,
				E31E21882C2AFDE800EB067A /* StatisticsViewController.swift in Sources */,
				E3146C122C45221A0066D66C /* SceduleDelegate.swift in Sources */,
				E3146C142C4522780066D66C /* SceduleCellDelegate.swift in Sources */,
				E3A87BC52C402D77008936E6 /* TrackerViewCell.swift in Sources */,
				E3DAF8042C420C9C00BD2329 /* AddNewIrregularEventViewController.swift in Sources */,
				E3FB531D2C3C16F700E711B6 /* TrackerCategory.swift in Sources */,
			);
			runOnlyForDeploymentPostprocessing = 0;
		};
		E31E21642C2AF5FB00EB067A /* Sources */ = {
			isa = PBXSourcesBuildPhase;
			buildActionMask = 2147483647;
			files = (
				E31E216D2C2AF5FB00EB067A /* TrackerTests.swift in Sources */,
			);
			runOnlyForDeploymentPostprocessing = 0;
		};
		E31E216E2C2AF5FB00EB067A /* Sources */ = {
			isa = PBXSourcesBuildPhase;
			buildActionMask = 2147483647;
			files = (
				E31E21772C2AF5FB00EB067A /* TrackerUITests.swift in Sources */,
				E31E21792C2AF5FB00EB067A /* TrackerUITestsLaunchTests.swift in Sources */,
			);
			runOnlyForDeploymentPostprocessing = 0;
		};
/* End PBXSourcesBuildPhase section */

/* Begin PBXTargetDependency section */
		E31E216A2C2AF5FB00EB067A /* PBXTargetDependency */ = {
			isa = PBXTargetDependency;
			target = E31E21512C2AF5F900EB067A /* Tracker */;
			targetProxy = E31E21692C2AF5FB00EB067A /* PBXContainerItemProxy */;
		};
		E31E21742C2AF5FB00EB067A /* PBXTargetDependency */ = {
			isa = PBXTargetDependency;
			target = E31E21512C2AF5F900EB067A /* Tracker */;
			targetProxy = E31E21732C2AF5FB00EB067A /* PBXContainerItemProxy */;
		};
/* End PBXTargetDependency section */

/* Begin PBXVariantGroup section */
		E31E215B2C2AF5F900EB067A /* Main.storyboard */ = {
			isa = PBXVariantGroup;
			children = (
				E31E215C2C2AF5F900EB067A /* Base */,
			);
			name = Main.storyboard;
			sourceTree = "<group>";
		};
		E31E21602C2AF5FB00EB067A /* LaunchScreen.storyboard */ = {
			isa = PBXVariantGroup;
			children = (
				E31E21612C2AF5FB00EB067A /* Base */,
			);
			name = LaunchScreen.storyboard;
			sourceTree = "<group>";
		};
/* End PBXVariantGroup section */

/* Begin XCBuildConfiguration section */
		E31E217A2C2AF5FB00EB067A /* Debug */ = {
			isa = XCBuildConfiguration;
			buildSettings = {
				ALWAYS_SEARCH_USER_PATHS = NO;
				ASSETCATALOG_COMPILER_GENERATE_SWIFT_ASSET_SYMBOL_EXTENSIONS = YES;
				CLANG_ANALYZER_NONNULL = YES;
				CLANG_ANALYZER_NUMBER_OBJECT_CONVERSION = YES_AGGRESSIVE;
				CLANG_CXX_LANGUAGE_STANDARD = "gnu++20";
				CLANG_ENABLE_MODULES = YES;
				CLANG_ENABLE_OBJC_ARC = YES;
				CLANG_ENABLE_OBJC_WEAK = YES;
				CLANG_WARN_BLOCK_CAPTURE_AUTORELEASING = YES;
				CLANG_WARN_BOOL_CONVERSION = YES;
				CLANG_WARN_COMMA = YES;
				CLANG_WARN_CONSTANT_CONVERSION = YES;
				CLANG_WARN_DEPRECATED_OBJC_IMPLEMENTATIONS = YES;
				CLANG_WARN_DIRECT_OBJC_ISA_USAGE = YES_ERROR;
				CLANG_WARN_DOCUMENTATION_COMMENTS = YES;
				CLANG_WARN_EMPTY_BODY = YES;
				CLANG_WARN_ENUM_CONVERSION = YES;
				CLANG_WARN_INFINITE_RECURSION = YES;
				CLANG_WARN_INT_CONVERSION = YES;
				CLANG_WARN_NON_LITERAL_NULL_CONVERSION = YES;
				CLANG_WARN_OBJC_IMPLICIT_RETAIN_SELF = YES;
				CLANG_WARN_OBJC_LITERAL_CONVERSION = YES;
				CLANG_WARN_OBJC_ROOT_CLASS = YES_ERROR;
				CLANG_WARN_QUOTED_INCLUDE_IN_FRAMEWORK_HEADER = YES;
				CLANG_WARN_RANGE_LOOP_ANALYSIS = YES;
				CLANG_WARN_STRICT_PROTOTYPES = YES;
				CLANG_WARN_SUSPICIOUS_MOVE = YES;
				CLANG_WARN_UNGUARDED_AVAILABILITY = YES_AGGRESSIVE;
				CLANG_WARN_UNREACHABLE_CODE = YES;
				CLANG_WARN__DUPLICATE_METHOD_MATCH = YES;
				COPY_PHASE_STRIP = NO;
				DEBUG_INFORMATION_FORMAT = dwarf;
				ENABLE_STRICT_OBJC_MSGSEND = YES;
				ENABLE_TESTABILITY = YES;
				ENABLE_USER_SCRIPT_SANDBOXING = YES;
				GCC_C_LANGUAGE_STANDARD = gnu17;
				GCC_DYNAMIC_NO_PIC = NO;
				GCC_NO_COMMON_BLOCKS = YES;
				GCC_OPTIMIZATION_LEVEL = 0;
				GCC_PREPROCESSOR_DEFINITIONS = (
					"DEBUG=1",
					"$(inherited)",
				);
				GCC_WARN_64_TO_32_BIT_CONVERSION = YES;
				GCC_WARN_ABOUT_RETURN_TYPE = YES_ERROR;
				GCC_WARN_UNDECLARED_SELECTOR = YES;
				GCC_WARN_UNINITIALIZED_AUTOS = YES_AGGRESSIVE;
				GCC_WARN_UNUSED_FUNCTION = YES;
				GCC_WARN_UNUSED_VARIABLE = YES;
				IPHONEOS_DEPLOYMENT_TARGET = 17.5;
				LOCALIZATION_PREFERS_STRING_CATALOGS = YES;
				MTL_ENABLE_DEBUG_INFO = INCLUDE_SOURCE;
				MTL_FAST_MATH = YES;
				ONLY_ACTIVE_ARCH = YES;
				SDKROOT = iphoneos;
				SWIFT_ACTIVE_COMPILATION_CONDITIONS = "DEBUG $(inherited)";
				SWIFT_OPTIMIZATION_LEVEL = "-Onone";
			};
			name = Debug;
		};
		E31E217B2C2AF5FB00EB067A /* Release */ = {
			isa = XCBuildConfiguration;
			buildSettings = {
				ALWAYS_SEARCH_USER_PATHS = NO;
				ASSETCATALOG_COMPILER_GENERATE_SWIFT_ASSET_SYMBOL_EXTENSIONS = YES;
				CLANG_ANALYZER_NONNULL = YES;
				CLANG_ANALYZER_NUMBER_OBJECT_CONVERSION = YES_AGGRESSIVE;
				CLANG_CXX_LANGUAGE_STANDARD = "gnu++20";
				CLANG_ENABLE_MODULES = YES;
				CLANG_ENABLE_OBJC_ARC = YES;
				CLANG_ENABLE_OBJC_WEAK = YES;
				CLANG_WARN_BLOCK_CAPTURE_AUTORELEASING = YES;
				CLANG_WARN_BOOL_CONVERSION = YES;
				CLANG_WARN_COMMA = YES;
				CLANG_WARN_CONSTANT_CONVERSION = YES;
				CLANG_WARN_DEPRECATED_OBJC_IMPLEMENTATIONS = YES;
				CLANG_WARN_DIRECT_OBJC_ISA_USAGE = YES_ERROR;
				CLANG_WARN_DOCUMENTATION_COMMENTS = YES;
				CLANG_WARN_EMPTY_BODY = YES;
				CLANG_WARN_ENUM_CONVERSION = YES;
				CLANG_WARN_INFINITE_RECURSION = YES;
				CLANG_WARN_INT_CONVERSION = YES;
				CLANG_WARN_NON_LITERAL_NULL_CONVERSION = YES;
				CLANG_WARN_OBJC_IMPLICIT_RETAIN_SELF = YES;
				CLANG_WARN_OBJC_LITERAL_CONVERSION = YES;
				CLANG_WARN_OBJC_ROOT_CLASS = YES_ERROR;
				CLANG_WARN_QUOTED_INCLUDE_IN_FRAMEWORK_HEADER = YES;
				CLANG_WARN_RANGE_LOOP_ANALYSIS = YES;
				CLANG_WARN_STRICT_PROTOTYPES = YES;
				CLANG_WARN_SUSPICIOUS_MOVE = YES;
				CLANG_WARN_UNGUARDED_AVAILABILITY = YES_AGGRESSIVE;
				CLANG_WARN_UNREACHABLE_CODE = YES;
				CLANG_WARN__DUPLICATE_METHOD_MATCH = YES;
				COPY_PHASE_STRIP = NO;
				DEBUG_INFORMATION_FORMAT = "dwarf-with-dsym";
				ENABLE_NS_ASSERTIONS = NO;
				ENABLE_STRICT_OBJC_MSGSEND = YES;
				ENABLE_USER_SCRIPT_SANDBOXING = YES;
				GCC_C_LANGUAGE_STANDARD = gnu17;
				GCC_NO_COMMON_BLOCKS = YES;
				GCC_WARN_64_TO_32_BIT_CONVERSION = YES;
				GCC_WARN_ABOUT_RETURN_TYPE = YES_ERROR;
				GCC_WARN_UNDECLARED_SELECTOR = YES;
				GCC_WARN_UNINITIALIZED_AUTOS = YES_AGGRESSIVE;
				GCC_WARN_UNUSED_FUNCTION = YES;
				GCC_WARN_UNUSED_VARIABLE = YES;
				IPHONEOS_DEPLOYMENT_TARGET = 17.5;
				LOCALIZATION_PREFERS_STRING_CATALOGS = YES;
				MTL_ENABLE_DEBUG_INFO = NO;
				MTL_FAST_MATH = YES;
				SDKROOT = iphoneos;
				SWIFT_COMPILATION_MODE = wholemodule;
				VALIDATE_PRODUCT = YES;
			};
			name = Release;
		};
		E31E217D2C2AF5FB00EB067A /* Debug */ = {
			isa = XCBuildConfiguration;
			buildSettings = {
				ASSETCATALOG_COMPILER_APPICON_NAME = AppIcon;
				ASSETCATALOG_COMPILER_GLOBAL_ACCENT_COLOR_NAME = AccentColor;
				CODE_SIGN_STYLE = Automatic;
				CURRENT_PROJECT_VERSION = 1;
				DEVELOPMENT_TEAM = VL29A4FUA4;
				GENERATE_INFOPLIST_FILE = YES;
				INFOPLIST_FILE = Tracker/Info.plist;
				INFOPLIST_KEY_UIApplicationSupportsIndirectInputEvents = YES;
				INFOPLIST_KEY_UILaunchStoryboardName = LaunchScreen;
				INFOPLIST_KEY_UIMainStoryboardFile = Main;
				INFOPLIST_KEY_UISupportedInterfaceOrientations_iPad = "UIInterfaceOrientationPortrait UIInterfaceOrientationPortraitUpsideDown UIInterfaceOrientationLandscapeLeft UIInterfaceOrientationLandscapeRight";
				INFOPLIST_KEY_UISupportedInterfaceOrientations_iPhone = "UIInterfaceOrientationPortrait UIInterfaceOrientationLandscapeLeft UIInterfaceOrientationLandscapeRight";
				IPHONEOS_DEPLOYMENT_TARGET = 13.4;
				LD_RUNPATH_SEARCH_PATHS = (
					"$(inherited)",
					"@executable_path/Frameworks",
				);
				MARKETING_VERSION = 1.0;
				PRODUCT_BUNDLE_IDENTIFIER = ru.praktikum.Tracker.Tracker;
				PRODUCT_NAME = "$(TARGET_NAME)";
				SWIFT_EMIT_LOC_STRINGS = YES;
				SWIFT_VERSION = 5.0;
				TARGETED_DEVICE_FAMILY = "1,2";
			};
			name = Debug;
		};
		E31E217E2C2AF5FB00EB067A /* Release */ = {
			isa = XCBuildConfiguration;
			buildSettings = {
				ASSETCATALOG_COMPILER_APPICON_NAME = AppIcon;
				ASSETCATALOG_COMPILER_GLOBAL_ACCENT_COLOR_NAME = AccentColor;
				CODE_SIGN_STYLE = Automatic;
				CURRENT_PROJECT_VERSION = 1;
				DEVELOPMENT_TEAM = VL29A4FUA4;
				GENERATE_INFOPLIST_FILE = YES;
				INFOPLIST_FILE = Tracker/Info.plist;
				INFOPLIST_KEY_UIApplicationSupportsIndirectInputEvents = YES;
				INFOPLIST_KEY_UILaunchStoryboardName = LaunchScreen;
				INFOPLIST_KEY_UIMainStoryboardFile = Main;
				INFOPLIST_KEY_UISupportedInterfaceOrientations_iPad = "UIInterfaceOrientationPortrait UIInterfaceOrientationPortraitUpsideDown UIInterfaceOrientationLandscapeLeft UIInterfaceOrientationLandscapeRight";
				INFOPLIST_KEY_UISupportedInterfaceOrientations_iPhone = "UIInterfaceOrientationPortrait UIInterfaceOrientationLandscapeLeft UIInterfaceOrientationLandscapeRight";
				IPHONEOS_DEPLOYMENT_TARGET = 13.4;
				LD_RUNPATH_SEARCH_PATHS = (
					"$(inherited)",
					"@executable_path/Frameworks",
				);
				MARKETING_VERSION = 1.0;
				PRODUCT_BUNDLE_IDENTIFIER = ru.praktikum.Tracker.Tracker;
				PRODUCT_NAME = "$(TARGET_NAME)";
				SWIFT_EMIT_LOC_STRINGS = YES;
				SWIFT_VERSION = 5.0;
				TARGETED_DEVICE_FAMILY = "1,2";
			};
			name = Release;
		};
		E31E21802C2AF5FB00EB067A /* Debug */ = {
			isa = XCBuildConfiguration;
			buildSettings = {
				ALWAYS_EMBED_SWIFT_STANDARD_LIBRARIES = YES;
				BUNDLE_LOADER = "$(TEST_HOST)";
				CODE_SIGN_STYLE = Automatic;
				CURRENT_PROJECT_VERSION = 1;
				DEVELOPMENT_TEAM = VL29A4FUA4;
				GENERATE_INFOPLIST_FILE = YES;
				IPHONEOS_DEPLOYMENT_TARGET = 17.5;
				MARKETING_VERSION = 1.0;
				PRODUCT_BUNDLE_IDENTIFIER = ru.praktikum.Tracker.TrackerTests;
				PRODUCT_NAME = "$(TARGET_NAME)";
				SWIFT_EMIT_LOC_STRINGS = NO;
				SWIFT_VERSION = 5.0;
				TARGETED_DEVICE_FAMILY = "1,2";
				TEST_HOST = "$(BUILT_PRODUCTS_DIR)/Tracker.app/$(BUNDLE_EXECUTABLE_FOLDER_PATH)/Tracker";
			};
			name = Debug;
		};
		E31E21812C2AF5FB00EB067A /* Release */ = {
			isa = XCBuildConfiguration;
			buildSettings = {
				ALWAYS_EMBED_SWIFT_STANDARD_LIBRARIES = YES;
				BUNDLE_LOADER = "$(TEST_HOST)";
				CODE_SIGN_STYLE = Automatic;
				CURRENT_PROJECT_VERSION = 1;
				DEVELOPMENT_TEAM = VL29A4FUA4;
				GENERATE_INFOPLIST_FILE = YES;
				IPHONEOS_DEPLOYMENT_TARGET = 17.5;
				MARKETING_VERSION = 1.0;
				PRODUCT_BUNDLE_IDENTIFIER = ru.praktikum.Tracker.TrackerTests;
				PRODUCT_NAME = "$(TARGET_NAME)";
				SWIFT_EMIT_LOC_STRINGS = NO;
				SWIFT_VERSION = 5.0;
				TARGETED_DEVICE_FAMILY = "1,2";
				TEST_HOST = "$(BUILT_PRODUCTS_DIR)/Tracker.app/$(BUNDLE_EXECUTABLE_FOLDER_PATH)/Tracker";
			};
			name = Release;
		};
		E31E21832C2AF5FB00EB067A /* Debug */ = {
			isa = XCBuildConfiguration;
			buildSettings = {
				ALWAYS_EMBED_SWIFT_STANDARD_LIBRARIES = YES;
				CODE_SIGN_STYLE = Automatic;
				CURRENT_PROJECT_VERSION = 1;
				DEVELOPMENT_TEAM = VL29A4FUA4;
				GENERATE_INFOPLIST_FILE = YES;
				MARKETING_VERSION = 1.0;
				PRODUCT_BUNDLE_IDENTIFIER = ru.praktikum.Tracker.TrackerUITests;
				PRODUCT_NAME = "$(TARGET_NAME)";
				SWIFT_EMIT_LOC_STRINGS = NO;
				SWIFT_VERSION = 5.0;
				TARGETED_DEVICE_FAMILY = "1,2";
				TEST_TARGET_NAME = Tracker;
			};
			name = Debug;
		};
		E31E21842C2AF5FB00EB067A /* Release */ = {
			isa = XCBuildConfiguration;
			buildSettings = {
				ALWAYS_EMBED_SWIFT_STANDARD_LIBRARIES = YES;
				CODE_SIGN_STYLE = Automatic;
				CURRENT_PROJECT_VERSION = 1;
				DEVELOPMENT_TEAM = VL29A4FUA4;
				GENERATE_INFOPLIST_FILE = YES;
				MARKETING_VERSION = 1.0;
				PRODUCT_BUNDLE_IDENTIFIER = ru.praktikum.Tracker.TrackerUITests;
				PRODUCT_NAME = "$(TARGET_NAME)";
				SWIFT_EMIT_LOC_STRINGS = NO;
				SWIFT_VERSION = 5.0;
				TARGETED_DEVICE_FAMILY = "1,2";
				TEST_TARGET_NAME = Tracker;
			};
			name = Release;
		};
/* End XCBuildConfiguration section */

/* Begin XCConfigurationList section */
		E31E214D2C2AF5F900EB067A /* Build configuration list for PBXProject "Tracker" */ = {
			isa = XCConfigurationList;
			buildConfigurations = (
				E31E217A2C2AF5FB00EB067A /* Debug */,
				E31E217B2C2AF5FB00EB067A /* Release */,
			);
			defaultConfigurationIsVisible = 0;
			defaultConfigurationName = Release;
		};
		E31E217C2C2AF5FB00EB067A /* Build configuration list for PBXNativeTarget "Tracker" */ = {
			isa = XCConfigurationList;
			buildConfigurations = (
				E31E217D2C2AF5FB00EB067A /* Debug */,
				E31E217E2C2AF5FB00EB067A /* Release */,
			);
			defaultConfigurationIsVisible = 0;
			defaultConfigurationName = Release;
		};
		E31E217F2C2AF5FB00EB067A /* Build configuration list for PBXNativeTarget "TrackerTests" */ = {
			isa = XCConfigurationList;
			buildConfigurations = (
				E31E21802C2AF5FB00EB067A /* Debug */,
				E31E21812C2AF5FB00EB067A /* Release */,
			);
			defaultConfigurationIsVisible = 0;
			defaultConfigurationName = Release;
		};
		E31E21822C2AF5FB00EB067A /* Build configuration list for PBXNativeTarget "TrackerUITests" */ = {
			isa = XCConfigurationList;
			buildConfigurations = (
				E31E21832C2AF5FB00EB067A /* Debug */,
				E31E21842C2AF5FB00EB067A /* Release */,
			);
			defaultConfigurationIsVisible = 0;
			defaultConfigurationName = Release;
		};
/* End XCConfigurationList section */
	};
	rootObject = E31E214A2C2AF5F900EB067A /* Project object */;
}
